
Microsoft Visual Studio Solution File, Format Version 12.00
# Visual Studio Version 17
VisualStudioVersion = 17.6.33723.286
MinimumVisualStudioVersion = 10.0.40219.1
Project("{FAE04EC0-301F-11D3-BF4B-00C04F79EFBC}") = "RestBilling", "RestBilling\RestBilling.csproj", "{B07DCFFF-108C-436B-B83D-50D6F144F250}"
EndProject
Global
	GlobalSection(SolutionConfigurationPlatforms) = preSolution
		Debug|Any CPU = Debug|Any CPU
		Release|Any CPU = Release|Any CPU
	EndGlobalSection
	GlobalSection(ProjectConfigurationPlatforms) = postSolution
		{B07DCFFF-108C-436B-B83D-50D6F144F250}.Debug|Any CPU.ActiveCfg = Debug|Any CPU
		{B07DCFFF-108C-436B-B83D-50D6F144F250}.Debug|Any CPU.Build.0 = Debug|Any CPU
		{B07DCFFF-108C-436B-B83D-50D6F144F250}.Release|Any CPU.ActiveCfg = Release|Any CPU
		{B07DCFFF-108C-436B-B83D-50D6F144F250}.Release|Any CPU.Build.0 = Release|Any CPU
	EndGlobalSection
	GlobalSection(SolutionProperties) = preSolution
		HideSolutionNode = FALSE
	EndGlobalSection
	GlobalSection(ExtensibilityGlobals) = postSolution
		SolutionGuid = {FEC050C3-62E3-4B7A-B758-CCC65BAC992B}
	EndGlobalSection
EndGlobal
